
Microsoft Visual Studio Solution File, Format Version 12.00
# Visual Studio Version 16
VisualStudioVersion = 16.0.29806.167
MinimumVisualStudioVersion = 10.0.40219.1
Project("{FAE04EC0-301F-11D3-BF4B-00C04F79EFBC}") = "NoteApp", "NoteApp\NoteApp.csproj", "{7C5C1435-534A-474D-8B26-8FD9D162B3FA}"
EndProject
Global
	GlobalSection(SolutionConfigurationPlatforms) = preSolution
		Debug|Any CPU = Debug|Any CPU
		Release|Any CPU = Release|Any CPU
	EndGlobalSection
	GlobalSection(ProjectConfigurationPlatforms) = postSolution
		{7C5C1435-534A-474D-8B26-8FD9D162B3FA}.Debug|Any CPU.ActiveCfg = Debug|Any CPU
		{7C5C1435-534A-474D-8B26-8FD9D162B3FA}.Debug|Any CPU.Build.0 = Debug|Any CPU
		{7C5C1435-534A-474D-8B26-8FD9D162B3FA}.Release|Any CPU.ActiveCfg = Release|Any CPU
		{7C5C1435-534A-474D-8B26-8FD9D162B3FA}.Release|Any CPU.Build.0 = Release|Any CPU
	EndGlobalSection
	GlobalSection(SolutionProperties) = preSolution
		HideSolutionNode = FALSE
	EndGlobalSection
	GlobalSection(ExtensibilityGlobals) = postSolution
		SolutionGuid = {10F23DBD-7F68-4D68-BA27-84A6DAE3DE6B}
	EndGlobalSection
EndGlobal
